
Microsoft Visual Studio Solution File, Format Version 12.00
# Visual Studio Version 16
VisualStudioVersion = 16.0.29728.190
MinimumVisualStudioVersion = 10.0.40219.1
Project("{FAE04EC0-301F-11D3-BF4B-00C04F79EFBC}") = "Entidades", "TP Nro 1\Entidades.csproj", "{26F87930-FF27-4495-8484-FDF7DA7CF811}"
EndProject
Project("{FAE04EC0-301F-11D3-BF4B-00C04F79EFBC}") = "MiCalculadora", "MiCalculadora\MiCalculadora.csproj", "{AB37A76A-3E00-4578-8BFD-F92EF91E114C}"
EndProject
Global
	GlobalSection(SolutionConfigurationPlatforms) = preSolution
		Debug|Any CPU = Debug|Any CPU
		Release|Any CPU = Release|Any CPU
	EndGlobalSection
	GlobalSection(ProjectConfigurationPlatforms) = postSolution
		{26F87930-FF27-4495-8484-FDF7DA7CF811}.Debug|Any CPU.ActiveCfg = Debug|Any CPU
		{26F87930-FF27-4495-8484-FDF7DA7CF811}.Debug|Any CPU.Build.0 = Debug|Any CPU
		{26F87930-FF27-4495-8484-FDF7DA7CF811}.Release|Any CPU.ActiveCfg = Release|Any CPU
		{26F87930-FF27-4495-8484-FDF7DA7CF811}.Release|Any CPU.Build.0 = Release|Any CPU
		{AB37A76A-3E00-4578-8BFD-F92EF91E114C}.Debug|Any CPU.ActiveCfg = Debug|Any CPU
		{AB37A76A-3E00-4578-8BFD-F92EF91E114C}.Debug|Any CPU.Build.0 = Debug|Any CPU
		{AB37A76A-3E00-4578-8BFD-F92EF91E114C}.Release|Any CPU.ActiveCfg = Release|Any CPU
		{AB37A76A-3E00-4578-8BFD-F92EF91E114C}.Release|Any CPU.Build.0 = Release|Any CPU
	EndGlobalSection
	GlobalSection(SolutionProperties) = preSolution
		HideSolutionNode = FALSE
	EndGlobalSection
	GlobalSection(ExtensibilityGlobals) = postSolution
		SolutionGuid = {BAC40F24-EBB9-427D-8403-8FE9DBF835A2}
	EndGlobalSection
EndGlobal
