
Microsoft Visual Studio Solution File, Format Version 12.00
# Visual Studio Version 16
VisualStudioVersion = 16.0.29728.190
MinimumVisualStudioVersion = 10.0.40219.1
Project("{FAE04EC0-301F-11D3-BF4B-00C04F79EFBC}") = "Entidades", "Entidades\Entidades.csproj", "{B390C27E-3CEC-4F53-99AC-151183E151F9}"
EndProject
Project("{FAE04EC0-301F-11D3-BF4B-00C04F79EFBC}") = "MiCalculadora", "MiCalculadora\MiCalculadora.csproj", "{18835185-6EB4-4F12-B222-8DB88AC45C14}"
EndProject
Global
	GlobalSection(SolutionConfigurationPlatforms) = preSolution
		Debug|Any CPU = Debug|Any CPU
		Release|Any CPU = Release|Any CPU
	EndGlobalSection
	GlobalSection(ProjectConfigurationPlatforms) = postSolution
		{B390C27E-3CEC-4F53-99AC-151183E151F9}.Debug|Any CPU.ActiveCfg = Debug|Any CPU
		{B390C27E-3CEC-4F53-99AC-151183E151F9}.Debug|Any CPU.Build.0 = Debug|Any CPU
		{B390C27E-3CEC-4F53-99AC-151183E151F9}.Release|Any CPU.ActiveCfg = Release|Any CPU
		{B390C27E-3CEC-4F53-99AC-151183E151F9}.Release|Any CPU.Build.0 = Release|Any CPU
		{18835185-6EB4-4F12-B222-8DB88AC45C14}.Debug|Any CPU.ActiveCfg = Debug|Any CPU
		{18835185-6EB4-4F12-B222-8DB88AC45C14}.Debug|Any CPU.Build.0 = Debug|Any CPU
		{18835185-6EB4-4F12-B222-8DB88AC45C14}.Release|Any CPU.ActiveCfg = Release|Any CPU
		{18835185-6EB4-4F12-B222-8DB88AC45C14}.Release|Any CPU.Build.0 = Release|Any CPU
	EndGlobalSection
	GlobalSection(SolutionProperties) = preSolution
		HideSolutionNode = FALSE
	EndGlobalSection
	GlobalSection(ExtensibilityGlobals) = postSolution
		SolutionGuid = {E6F764DA-344A-4EB7-A7BC-275F42B8D871}
	EndGlobalSection
EndGlobal
